
Microsoft Visual Studio Solution File, Format Version 12.00
# Visual Studio Version 16
VisualStudioVersion = 16.0.31205.134
MinimumVisualStudioVersion = 10.0.40219.1
Project("{FAE04EC0-301F-11D3-BF4B-00C04F79EFBC}") = "BC", "BC\BC.csproj", "{4E784731-6492-49B7-A81A-E308A78F8341}"
EndProject
Global
	GlobalSection(SolutionConfigurationPlatforms) = preSolution
		Debug|Any CPU = Debug|Any CPU
		Release|Any CPU = Release|Any CPU
	EndGlobalSection
	GlobalSection(ProjectConfigurationPlatforms) = postSolution
		{4E784731-6492-49B7-A81A-E308A78F8341}.Debug|Any CPU.ActiveCfg = Debug|Any CPU
		{4E784731-6492-49B7-A81A-E308A78F8341}.Debug|Any CPU.Build.0 = Debug|Any CPU
		{4E784731-6492-49B7-A81A-E308A78F8341}.Release|Any CPU.ActiveCfg = Release|Any CPU
		{4E784731-6492-49B7-A81A-E308A78F8341}.Release|Any CPU.Build.0 = Release|Any CPU
	EndGlobalSection
	GlobalSection(SolutionProperties) = preSolution
		HideSolutionNode = FALSE
	EndGlobalSection
	GlobalSection(ExtensibilityGlobals) = postSolution
		SolutionGuid = {83EBC04E-2D17-4734-B8A7-CCB7D4F7552F}
	EndGlobalSection
EndGlobal
